// !$*UTF8*$!
{
	archiveVersion = 1;
	classes = {
	};
	objectVersion = 55;
	objects = {

/* Begin PBXBuildFile section */
		8B7D94912874C02E0053F007 /* Module_5_Final_ChallengeApp.swift in Sources */ = {isa = PBXBuildFile; fileRef = 8B7D94902874C02E0053F007 /* Module_5_Final_ChallengeApp.swift */; };
		8B7D94932874C02E0053F007 /* ContentView.swift in Sources */ = {isa = PBXBuildFile; fileRef = 8B7D94922874C02E0053F007 /* ContentView.swift */; };
		8B7D94952874C02F0053F007 /* Assets.xcassets in Resources */ = {isa = PBXBuildFile; fileRef = 8B7D94942874C02F0053F007 /* Assets.xcassets */; };
		8B7D94982874C02F0053F007 /* Preview Assets.xcassets in Resources */ = {isa = PBXBuildFile; fileRef = 8B7D94972874C02F0053F007 /* Preview Assets.xcassets */; };
		8B7D949F2874C06F0053F007 /* Model.swift in Sources */ = {isa = PBXBuildFile; fileRef = 8B7D949E2874C06F0053F007 /* Model.swift */; };
		8B7D94A12874C0810053F007 /* ContentModel.swift in Sources */ = {isa = PBXBuildFile; fileRef = 8B7D94A02874C0810053F007 /* ContentModel.swift */; };
		8B7D94A32874C1880053F007 /* SearchBar.swift in Sources */ = {isa = PBXBuildFile; fileRef = 8B7D94A22874C1880053F007 /* SearchBar.swift */; };
		8B7D94A52874C8B80053F007 /* ContentDetailView.swift in Sources */ = {isa = PBXBuildFile; fileRef = 8B7D94A42874C8B80053F007 /* ContentDetailView.swift */; };
		8B7D94A82874CB5D0053F007 /* AVKit.framework in Frameworks */ = {isa = PBXBuildFile; fileRef = 8B7D94A72874CB5D0053F007 /* AVKit.framework */; };
/* End PBXBuildFile section */

/* Begin PBXFileReference section */
		8B7D948D2874C02E0053F007 /* Module 5 Final Challenge.app */ = {isa = PBXFileReference; explicitFileType = wrapper.application; includeInIndex = 0; path = "Module 5 Final Challenge.app"; sourceTree = BUILT_PRODUCTS_DIR; };
		8B7D94902874C02E0053F007 /* Module_5_Final_ChallengeApp.swift */ = {isa = PBXFileReference; lastKnownFileType = sourcecode.swift; path = Module_5_Final_ChallengeApp.swift; sourceTree = "<group>"; };
		8B7D94922874C02E0053F007 /* ContentView.swift */ = {isa = PBXFileReference; lastKnownFileType = sourcecode.swift; path = ContentView.swift; sourceTree = "<group>"; };
		8B7D94942874C02F0053F007 /* Assets.xcassets */ = {isa = PBXFileReference; lastKnownFileType = folder.assetcatalog; path = Assets.xcassets; sourceTree = "<group>"; };
		8B7D94972874C02F0053F007 /* Preview Assets.xcassets */ = {isa = PBXFileReference; lastKnownFileType = folder.assetcatalog; path = "Preview Assets.xcassets"; sourceTree = "<group>"; };
		8B7D949E2874C06F0053F007 /* Model.swift */ = {isa = PBXFileReference; lastKnownFileType = sourcecode.swift; path = Model.swift; sourceTree = "<group>"; };
		8B7D94A02874C0810053F007 /* ContentModel.swift */ = {isa = PBXFileReference; lastKnownFileType = sourcecode.swift; path = ContentModel.swift; sourceTree = "<group>"; };
		8B7D94A22874C1880053F007 /* SearchBar.swift */ = {isa = PBXFileReference; lastKnownFileType = sourcecode.swift; path = SearchBar.swift; sourceTree = "<group>"; };
		8B7D94A42874C8B80053F007 /* ContentDetailView.swift */ = {isa = PBXFileReference; lastKnownFileType = sourcecode.swift; path = ContentDetailView.swift; sourceTree = "<group>"; };
		8B7D94A72874CB5D0053F007 /* AVKit.framework */ = {isa = PBXFileReference; lastKnownFileType = wrapper.framework; name = AVKit.framework; path = System/Library/Frameworks/AVKit.framework; sourceTree = SDKROOT; };
/* End PBXFileReference section */

/* Begin PBXFrameworksBuildPhase section */
		8B7D948A2874C02E0053F007 /* Frameworks */ = {
			isa = PBXFrameworksBuildPhase;
			buildActionMask = 2147483647;
			files = (
				8B7D94A82874CB5D0053F007 /* AVKit.framework in Frameworks */,
			);
			runOnlyForDeploymentPostprocessing = 0;
		};
/* End PBXFrameworksBuildPhase section */

/* Begin PBXGroup section */
		8B7D94842874C02E0053F007 = {
			isa = PBXGroup;
			children = (
				8B7D948F2874C02E0053F007 /* Module 5 Final Challenge */,
				8B7D948E2874C02E0053F007 /* Products */,
				8B7D94A62874CB5D0053F007 /* Frameworks */,
			);
			sourceTree = "<group>";
		};
		8B7D948E2874C02E0053F007 /* Products */ = {
			isa = PBXGroup;
			children = (
				8B7D948D2874C02E0053F007 /* Module 5 Final Challenge.app */,
			);
			name = Products;
			sourceTree = "<group>";
		};
		8B7D948F2874C02E0053F007 /* Module 5 Final Challenge */ = {
			isa = PBXGroup;
			children = (
				8B7D94902874C02E0053F007 /* Module_5_Final_ChallengeApp.swift */,
				8B7D94922874C02E0053F007 /* ContentView.swift */,
				8B7D94A02874C0810053F007 /* ContentModel.swift */,
				8B7D94A42874C8B80053F007 /* ContentDetailView.swift */,
				8B7D949E2874C06F0053F007 /* Model.swift */,
				8B7D94A22874C1880053F007 /* SearchBar.swift */,
				8B7D94962874C02F0053F007 /* Preview Content */,
				8B7D94942874C02F0053F007 /* Assets.xcassets */,
			);
			path = "Module 5 Final Challenge";
			sourceTree = "<group>";
		};
		8B7D94962874C02F0053F007 /* Preview Content */ = {
			isa = PBXGroup;
			children = (
				8B7D94972874C02F0053F007 /* Preview Assets.xcassets */,
			);
			path = "Preview Content";
			sourceTree = "<group>";
		};
		8B7D94A62874CB5D0053F007 /* Frameworks */ = {
			isa = PBXGroup;
			children = (
				8B7D94A72874CB5D0053F007 /* AVKit.framework */,
			);
			name = Frameworks;
			sourceTree = "<group>";
		};
/* End PBXGroup section */

/* Begin PBXNativeTarget section */
		8B7D948C2874C02E0053F007 /* Module 5 Final Challenge */ = {
			isa = PBXNativeTarget;
			buildConfigurationList = 8B7D949B2874C02F0053F007 /* Build configuration list for PBXNativeTarget "Module 5 Final Challenge" */;
			buildPhases = (
				8B7D94892874C02E0053F007 /* Sources */,
				8B7D948A2874C02E0053F007 /* Frameworks */,
				8B7D948B2874C02E0053F007 /* Resources */,
			);
			buildRules = (
			);
			dependencies = (
			);
			name = "Module 5 Final Challenge";
			productName = "Module 5 Final Challenge";
			productReference = 8B7D948D2874C02E0053F007 /* Module 5 Final Challenge.app */;
			productType = "com.apple.product-type.application";
		};
/* End PBXNativeTarget section */

/* Begin PBXProject section */
		8B7D94852874C02E0053F007 /* Project object */ = {
			isa = PBXProject;
			attributes = {
				BuildIndependentTargetsInParallel = 1;
				LastSwiftUpdateCheck = 1340;
				LastUpgradeCheck = 1340;
				TargetAttributes = {
					8B7D948C2874C02E0053F007 = {
						CreatedOnToolsVersion = 13.4.1;
					};
				};
			};
			buildConfigurationList = 8B7D94882874C02E0053F007 /* Build configuration list for PBXProject "Module 5 Final Challenge" */;
			compatibilityVersion = "Xcode 13.0";
			developmentRegion = en;
			hasScannedForEncodings = 0;
			knownRegions = (
				en,
				Base,
			);
			mainGroup = 8B7D94842874C02E0053F007;
			productRefGroup = 8B7D948E2874C02E0053F007 /* Products */;
			projectDirPath = "";
			projectRoot = "";
			targets = (
				8B7D948C2874C02E0053F007 /* Module 5 Final Challenge */,
			);
		};
/* End PBXProject section */

/* Begin PBXResourcesBuildPhase section */
		8B7D948B2874C02E0053F007 /* Resources */ = {
			isa = PBXResourcesBuildPhase;
			buildActionMask = 2147483647;
			files = (
				8B7D94982874C02F0053F007 /* Preview Assets.xcassets in Resources */,
				8B7D94952874C02F0053F007 /* Assets.xcassets in Resources */,
			);
			runOnlyForDeploymentPostprocessing = 0;
		};
/* End PBXResourcesBuildPhase section */

/* Begin PBXSourcesBuildPhase section */
		8B7D94892874C02E0053F007 /* Sources */ = {
			isa = PBXSourcesBuildPhase;
			buildActionMask = 2147483647;
			files = (
				8B7D949F2874C06F0053F007 /* Model.swift in Sources */,
				8B7D94A52874C8B80053F007 /* ContentDetailView.swift in Sources */,
				8B7D94A12874C0810053F007 /* ContentModel.swift in Sources */,
				8B7D94A32874C1880053F007 /* SearchBar.swift in Sources */,
				8B7D94932874C02E0053F007 /* ContentView.swift in Sources */,
				8B7D94912874C02E0053F007 /* Module_5_Final_ChallengeApp.swift in Sources */,
			);
			runOnlyForDeploymentPostprocessing = 0;
		};
/* End PBXSourcesBuildPhase section */

/* Begin XCBuildConfiguration section */
		8B7D94992874C02F0053F007 /* Debug */ = {
			isa = XCBuildConfiguration;
			buildSettings = {
				ALWAYS_SEARCH_USER_PATHS = NO;
				CLANG_ANALYZER_NONNULL = YES;
				CLANG_ANALYZER_NUMBER_OBJECT_CONVERSION = YES_AGGRESSIVE;
				CLANG_CXX_LANGUAGE_STANDARD = "gnu++17";
				CLANG_ENABLE_MODULES = YES;
				CLANG_ENABLE_OBJC_ARC = YES;
				CLANG_ENABLE_OBJC_WEAK = YES;
				CLANG_WARN_BLOCK_CAPTURE_AUTORELEASING = YES;
				CLANG_WARN_BOOL_CONVERSION = YES;
				CLANG_WARN_COMMA = YES;
				CLANG_WARN_CONSTANT_CONVERSION = YES;
				CLANG_WARN_DEPRECATED_OBJC_IMPLEMENTATIONS = YES;
				CLANG_WARN_DIRECT_OBJC_ISA_USAGE = YES_ERROR;
				CLANG_WARN_DOCUMENTATION_COMMENTS = YES;
				CLANG_WARN_EMPTY_BODY = YES;
				CLANG_WARN_ENUM_CONVERSION = YES;
				CLANG_WARN_INFINITE_RECURSION = YES;
				CLANG_WARN_INT_CONVERSION = YES;
				CLANG_WARN_NON_LITERAL_NULL_CONVERSION = YES;
				CLANG_WARN_OBJC_IMPLICIT_RETAIN_SELF = YES;
				CLANG_WARN_OBJC_LITERAL_CONVERSION = YES;
				CLANG_WARN_OBJC_ROOT_CLASS = YES_ERROR;
				CLANG_WARN_QUOTED_INCLUDE_IN_FRAMEWORK_HEADER = YES;
				CLANG_WARN_RANGE_LOOP_ANALYSIS = YES;
				CLANG_WARN_STRICT_PROTOTYPES = YES;
				CLANG_WARN_SUSPICIOUS_MOVE = YES;
				CLANG_WARN_UNGUARDED_AVAILABILITY = YES_AGGRESSIVE;
				CLANG_WARN_UNREACHABLE_CODE = YES;
				CLANG_WARN__DUPLICATE_METHOD_MATCH = YES;
				COPY_PHASE_STRIP = NO;
				DEBUG_INFORMATION_FORMAT = dwarf;
				ENABLE_STRICT_OBJC_MSGSEND = YES;
				ENABLE_TESTABILITY = YES;
				GCC_C_LANGUAGE_STANDARD = gnu11;
				GCC_DYNAMIC_NO_PIC = NO;
				GCC_NO_COMMON_BLOCKS = YES;
				GCC_OPTIMIZATION_LEVEL = 0;
				GCC_PREPROCESSOR_DEFINITIONS = (
					"DEBUG=1",
					"$(inherited)",
				);
				GCC_WARN_64_TO_32_BIT_CONVERSION = YES;
				GCC_WARN_ABOUT_RETURN_TYPE = YES_ERROR;
				GCC_WARN_UNDECLARED_SELECTOR = YES;
				GCC_WARN_UNINITIALIZED_AUTOS = YES_AGGRESSIVE;
				GCC_WARN_UNUSED_FUNCTION = YES;
				GCC_WARN_UNUSED_VARIABLE = YES;
				IPHONEOS_DEPLOYMENT_TARGET = 15.5;
				MTL_ENABLE_DEBUG_INFO = INCLUDE_SOURCE;
				MTL_FAST_MATH = YES;
				ONLY_ACTIVE_ARCH = YES;
				SDKROOT = iphoneos;
				SWIFT_ACTIVE_COMPILATION_CONDITIONS = DEBUG;
				SWIFT_OPTIMIZATION_LEVEL = "-Onone";
			};
			name = Debug;
		};
		8B7D949A2874C02F0053F007 /* Release */ = {
			isa = XCBuildConfiguration;
			buildSettings = {
				ALWAYS_SEARCH_USER_PATHS = NO;
				CLANG_ANALYZER_NONNULL = YES;
				CLANG_ANALYZER_NUMBER_OBJECT_CONVERSION = YES_AGGRESSIVE;
				CLANG_CXX_LANGUAGE_STANDARD = "gnu++17";
				CLANG_ENABLE_MODULES = YES;
				CLANG_ENABLE_OBJC_ARC = YES;
				CLANG_ENABLE_OBJC_WEAK = YES;
				CLANG_WARN_BLOCK_CAPTURE_AUTORELEASING = YES;
				CLANG_WARN_BOOL_CONVERSION = YES;
				CLANG_WARN_COMMA = YES;
				CLANG_WARN_CONSTANT_CONVERSION = YES;
				CLANG_WARN_DEPRECATED_OBJC_IMPLEMENTATIONS = YES;
				CLANG_WARN_DIRECT_OBJC_ISA_USAGE = YES_ERROR;
				CLANG_WARN_DOCUMENTATION_COMMENTS = YES;
				CLANG_WARN_EMPTY_BODY = YES;
				CLANG_WARN_ENUM_CONVERSION = YES;
				CLANG_WARN_INFINITE_RECURSION = YES;
				CLANG_WARN_INT_CONVERSION = YES;
				CLANG_WARN_NON_LITERAL_NULL_CONVERSION = YES;
				CLANG_WARN_OBJC_IMPLICIT_RETAIN_SELF = YES;
				CLANG_WARN_OBJC_LITERAL_CONVERSION = YES;
				CLANG_WARN_OBJC_ROOT_CLASS = YES_ERROR;
				CLANG_WARN_QUOTED_INCLUDE_IN_FRAMEWORK_HEADER = YES;
				CLANG_WARN_RANGE_LOOP_ANALYSIS = YES;
				CLANG_WARN_STRICT_PROTOTYPES = YES;
				CLANG_WARN_SUSPICIOUS_MOVE = YES;
				CLANG_WARN_UNGUARDED_AVAILABILITY = YES_AGGRESSIVE;
				CLANG_WARN_UNREACHABLE_CODE = YES;
				CLANG_WARN__DUPLICATE_METHOD_MATCH = YES;
				COPY_PHASE_STRIP = NO;
				DEBUG_INFORMATION_FORMAT = "dwarf-with-dsym";
				ENABLE_NS_ASSERTIONS = NO;
				ENABLE_STRICT_OBJC_MSGSEND = YES;
				GCC_C_LANGUAGE_STANDARD = gnu11;
				GCC_NO_COMMON_BLOCKS = YES;
				GCC_WARN_64_TO_32_BIT_CONVERSION = YES;
				GCC_WARN_ABOUT_RETURN_TYPE = YES_ERROR;
				GCC_WARN_UNDECLARED_SELECTOR = YES;
				GCC_WARN_UNINITIALIZED_AUTOS = YES_AGGRESSIVE;
				GCC_WARN_UNUSED_FUNCTION = YES;
				GCC_WARN_UNUSED_VARIABLE = YES;
				IPHONEOS_DEPLOYMENT_TARGET = 15.5;
				MTL_ENABLE_DEBUG_INFO = NO;
				MTL_FAST_MATH = YES;
				SDKROOT = iphoneos;
				SWIFT_COMPILATION_MODE = wholemodule;
				SWIFT_OPTIMIZATION_LEVEL = "-O";
				VALIDATE_PRODUCT = YES;
			};
			name = Release;
		};
		8B7D949C2874C02F0053F007 /* Debug */ = {
			isa = XCBuildConfiguration;
			buildSettings = {
				ASSETCATALOG_COMPILER_APPICON_NAME = AppIcon;
				ASSETCATALOG_COMPILER_GLOBAL_ACCENT_COLOR_NAME = AccentColor;
				CODE_SIGN_STYLE = Automatic;
				CURRENT_PROJECT_VERSION = 1;
				DEVELOPMENT_ASSET_PATHS = "\"Module 5 Final Challenge/Preview Content\"";
				DEVELOPMENT_TEAM = 56W5CBC8F4;
				ENABLE_PREVIEWS = YES;
				GENERATE_INFOPLIST_FILE = YES;
				INFOPLIST_KEY_UIApplicationSceneManifest_Generation = YES;
				INFOPLIST_KEY_UIApplicationSupportsIndirectInputEvents = YES;
				INFOPLIST_KEY_UILaunchScreen_Generation = YES;
				INFOPLIST_KEY_UISupportedInterfaceOrientations_iPad = "UIInterfaceOrientationPortrait UIInterfaceOrientationPortraitUpsideDown UIInterfaceOrientationLandscapeLeft UIInterfaceOrientationLandscapeRight";
				INFOPLIST_KEY_UISupportedInterfaceOrientations_iPhone = "UIInterfaceOrientationPortrait UIInterfaceOrientationLandscapeLeft UIInterfaceOrientationLandscapeRight";
				LD_RUNPATH_SEARCH_PATHS = (
					"$(inherited)",
					"@executable_path/Frameworks",
				);
				MARKETING_VERSION = 1.0;
				PRODUCT_BUNDLE_IDENTIFIER = "com.solounity.Module-5-Final-Challenge";
				PRODUCT_NAME = "$(TARGET_NAME)";
				SWIFT_EMIT_LOC_STRINGS = YES;
				SWIFT_VERSION = 5.0;
				TARGETED_DEVICE_FAMILY = "1,2";
			};
			name = Debug;
		};
		8B7D949D2874C02F0053F007 /* Release */ = {
			isa = XCBuildConfiguration;
			buildSettings = {
				ASSETCATALOG_COMPILER_APPICON_NAME = AppIcon;
				ASSETCATALOG_COMPILER_GLOBAL_ACCENT_COLOR_NAME = AccentColor;
				CODE_SIGN_STYLE = Automatic;
				CURRENT_PROJECT_VERSION = 1;
				DEVELOPMENT_ASSET_PATHS = "\"Module 5 Final Challenge/Preview Content\"";
				DEVELOPMENT_TEAM = 56W5CBC8F4;
				ENABLE_PREVIEWS = YES;
				GENERATE_INFOPLIST_FILE = YES;
				INFOPLIST_KEY_UIApplicationSceneManifest_Generation = YES;
				INFOPLIST_KEY_UIApplicationSupportsIndirectInputEvents = YES;
				INFOPLIST_KEY_UILaunchScreen_Generation = YES;
				INFOPLIST_KEY_UISupportedInterfaceOrientations_iPad = "UIInterfaceOrientationPortrait UIInterfaceOrientationPortraitUpsideDown UIInterfaceOrientationLandscapeLeft UIInterfaceOrientationLandscapeRight";
				INFOPLIST_KEY_UISupportedInterfaceOrientations_iPhone = "UIInterfaceOrientationPortrait UIInterfaceOrientationLandscapeLeft UIInterfaceOrientationLandscapeRight";
				LD_RUNPATH_SEARCH_PATHS = (
					"$(inherited)",
					"@executable_path/Frameworks",
				);
				MARKETING_VERSION = 1.0;
				PRODUCT_BUNDLE_IDENTIFIER = "com.solounity.Module-5-Final-Challenge";
				PRODUCT_NAME = "$(TARGET_NAME)";
				SWIFT_EMIT_LOC_STRINGS = YES;
				SWIFT_VERSION = 5.0;
				TARGETED_DEVICE_FAMILY = "1,2";
			};
			name = Release;
		};
/* End XCBuildConfiguration section */

/* Begin XCConfigurationList section */
		8B7D94882874C02E0053F007 /* Build configuration list for PBXProject "Module 5 Final Challenge" */ = {
			isa = XCConfigurationList;
			buildConfigurations = (
				8B7D94992874C02F0053F007 /* Debug */,
				8B7D949A2874C02F0053F007 /* Release */,
			);
			defaultConfigurationIsVisible = 0;
			defaultConfigurationName = Release;
		};
		8B7D949B2874C02F0053F007 /* Build configuration list for PBXNativeTarget "Module 5 Final Challenge" */ = {
			isa = XCConfigurationList;
			buildConfigurations = (
				8B7D949C2874C02F0053F007 /* Debug */,
				8B7D949D2874C02F0053F007 /* Release */,
			);
			defaultConfigurationIsVisible = 0;
			defaultConfigurationName = Release;
		};
/* End XCConfigurationList section */
	};
	rootObject = 8B7D94852874C02E0053F007 /* Project object */;
}
